
Microsoft Visual Studio Solution File, Format Version 12.00
# Visual Studio Version 17
VisualStudioVersion = 17.14.36414.22
MinimumVisualStudioVersion = 10.0.40219.1
Project("{FAE04EC0-301F-11D3-BF4B-00C04F79EFBC}") = "FUMiniHotelManagement", "FUMiniHotelManagement\FUMiniHotelManagement.csproj", "{1BB5011F-0F27-4E70-AD4B-79CC888B1C8A}"
EndProject
Project("{FAE04EC0-301F-11D3-BF4B-00C04F79EFBC}") = "FUMiniHotelManagement.DAL", "FUMiniHotelManagement.DAL\FUMiniHotelManagement.DAL.csproj", "{B9855182-2174-4F57-8FC6-BA2D9C3253F8}"
EndProject
Project("{FAE04EC0-301F-11D3-BF4B-00C04F79EFBC}") = "FUMiniHotelManagement.BLL", "FUMiniHotelManagement.BLL\FUMiniHotelManagement.BLL.csproj", "{145D0CEA-CB91-44C8-98D3-C40CD48DD569}"
EndProject
Global
	GlobalSection(SolutionConfigurationPlatforms) = preSolution
		Debug|Any CPU = Debug|Any CPU
		Release|Any CPU = Release|Any CPU
	EndGlobalSection
	GlobalSection(ProjectConfigurationPlatforms) = postSolution
		{1BB5011F-0F27-4E70-AD4B-79CC888B1C8A}.Debug|Any CPU.ActiveCfg = Debug|Any CPU
		{1BB5011F-0F27-4E70-AD4B-79CC888B1C8A}.Debug|Any CPU.Build.0 = Debug|Any CPU
		{1BB5011F-0F27-4E70-AD4B-79CC888B1C8A}.Release|Any CPU.ActiveCfg = Release|Any CPU
		{1BB5011F-0F27-4E70-AD4B-79CC888B1C8A}.Release|Any CPU.Build.0 = Release|Any CPU
		{B9855182-2174-4F57-8FC6-BA2D9C3253F8}.Debug|Any CPU.ActiveCfg = Debug|Any CPU
		{B9855182-2174-4F57-8FC6-BA2D9C3253F8}.Debug|Any CPU.Build.0 = Debug|Any CPU
		{B9855182-2174-4F57-8FC6-BA2D9C3253F8}.Release|Any CPU.ActiveCfg = Release|Any CPU
		{B9855182-2174-4F57-8FC6-BA2D9C3253F8}.Release|Any CPU.Build.0 = Release|Any CPU
		{145D0CEA-CB91-44C8-98D3-C40CD48DD569}.Debug|Any CPU.ActiveCfg = Debug|Any CPU
		{145D0CEA-CB91-44C8-98D3-C40CD48DD569}.Debug|Any CPU.Build.0 = Debug|Any CPU
		{145D0CEA-CB91-44C8-98D3-C40CD48DD569}.Release|Any CPU.ActiveCfg = Release|Any CPU
		{145D0CEA-CB91-44C8-98D3-C40CD48DD569}.Release|Any CPU.Build.0 = Release|Any CPU
	EndGlobalSection
	GlobalSection(SolutionProperties) = preSolution
		HideSolutionNode = FALSE
	EndGlobalSection
	GlobalSection(ExtensibilityGlobals) = postSolution
		SolutionGuid = {E3925210-AE29-45B7-824D-D52F8BE278A2}
	EndGlobalSection
EndGlobal
